
Microsoft Visual Studio Solution File, Format Version 12.00
# Visual Studio Version 17
VisualStudioVersion = 17.0.31919.166
MinimumVisualStudioVersion = 10.0.40219.1
Project("{FAE04EC0-301F-11D3-BF4B-00C04F79EFBC}") = "PingServerApp", "PingServerApp\PingServerApp.csproj", "{CFB29571-5B3D-4DEC-AF69-D692AC5B101A}"
EndProject
Global
	GlobalSection(SolutionConfigurationPlatforms) = preSolution
		Debug|Any CPU = Debug|Any CPU
		Release|Any CPU = Release|Any CPU
	EndGlobalSection
	GlobalSection(ProjectConfigurationPlatforms) = postSolution
		{CFB29571-5B3D-4DEC-AF69-D692AC5B101A}.Debug|Any CPU.ActiveCfg = Debug|Any CPU
		{CFB29571-5B3D-4DEC-AF69-D692AC5B101A}.Debug|Any CPU.Build.0 = Debug|Any CPU
		{CFB29571-5B3D-4DEC-AF69-D692AC5B101A}.Release|Any CPU.ActiveCfg = Release|Any CPU
		{CFB29571-5B3D-4DEC-AF69-D692AC5B101A}.Release|Any CPU.Build.0 = Release|Any CPU
	EndGlobalSection
	GlobalSection(SolutionProperties) = preSolution
		HideSolutionNode = FALSE
	EndGlobalSection
	GlobalSection(ExtensibilityGlobals) = postSolution
		SolutionGuid = {7A88D671-600A-4000-A8AF-1B2ED665865C}
	EndGlobalSection
EndGlobal
